
Microsoft Visual Studio Solution File, Format Version 12.00
# Visual Studio 15
VisualStudioVersion = 15.0.26730.16
MinimumVisualStudioVersion = 10.0.40219.1
Project("{FAE04EC0-301F-11D3-BF4B-00C04F79EFBC}") = "YnovTV.Android", "YnovTV\YnovTV.Android\YnovTV.Android.csproj", "{7B1C5D55-AD25-4E69-AC26-09457AAB5F1B}"
EndProject
Project("{FAE04EC0-301F-11D3-BF4B-00C04F79EFBC}") = "YnovTV", "YnovTV\YnovTV\YnovTV.csproj", "{D49CF929-111B-4856-A64A-EA5FE1C871C6}"
EndProject
Project("{FAE04EC0-301F-11D3-BF4B-00C04F79EFBC}") = "YnovTV.UWP", "YnovTV\YnovTV.UWP\YnovTV.UWP.csproj", "{D87365BD-EE86-4727-A2FC-3A50EEC9E236}"
EndProject
Project("{FAE04EC0-301F-11D3-BF4B-00C04F79EFBC}") = "YnovTV.iOS", "YnovTV\YnovTV.iOS\YnovTV.iOS.csproj", "{9EFC50F4-70B1-47D3-B5AF-CCEDC659A7A9}"
EndProject
Global
	GlobalSection(SolutionConfigurationPlatforms) = preSolution
		Ad-Hoc|Any CPU = Ad-Hoc|Any CPU
		Ad-Hoc|ARM = Ad-Hoc|ARM
		Ad-Hoc|iPhone = Ad-Hoc|iPhone
		Ad-Hoc|iPhoneSimulator = Ad-Hoc|iPhoneSimulator
		Ad-Hoc|x64 = Ad-Hoc|x64
		Ad-Hoc|x86 = Ad-Hoc|x86
		AppStore|Any CPU = AppStore|Any CPU
		AppStore|ARM = AppStore|ARM
		AppStore|iPhone = AppStore|iPhone
		AppStore|iPhoneSimulator = AppStore|iPhoneSimulator
		AppStore|x64 = AppStore|x64
		AppStore|x86 = AppStore|x86
		Debug|Any CPU = Debug|Any CPU
		Debug|ARM = Debug|ARM
		Debug|iPhone = Debug|iPhone
		Debug|iPhoneSimulator = Debug|iPhoneSimulator
		Debug|x64 = Debug|x64
		Debug|x86 = Debug|x86
		Release|Any CPU = Release|Any CPU
		Release|ARM = Release|ARM
		Release|iPhone = Release|iPhone
		Release|iPhoneSimulator = Release|iPhoneSimulator
		Release|x64 = Release|x64
		Release|x86 = Release|x86
	EndGlobalSection
	GlobalSection(ProjectConfigurationPlatforms) = postSolution
		{7B1C5D55-AD25-4E69-AC26-09457AAB5F1B}.Ad-Hoc|Any CPU.ActiveCfg = Release|Any CPU
		{7B1C5D55-AD25-4E69-AC26-09457AAB5F1B}.Ad-Hoc|Any CPU.Build.0 = Release|Any CPU
		{7B1C5D55-AD25-4E69-AC26-09457AAB5F1B}.Ad-Hoc|Any CPU.Deploy.0 = Release|Any CPU
		{7B1C5D55-AD25-4E69-AC26-09457AAB5F1B}.Ad-Hoc|ARM.ActiveCfg = Release|Any CPU
		{7B1C5D55-AD25-4E69-AC26-09457AAB5F1B}.Ad-Hoc|ARM.Build.0 = Release|Any CPU
		{7B1C5D55-AD25-4E69-AC26-09457AAB5F1B}.Ad-Hoc|ARM.Deploy.0 = Release|Any CPU
		{7B1C5D55-AD25-4E69-AC26-09457AAB5F1B}.Ad-Hoc|iPhone.ActiveCfg = Release|Any CPU
		{7B1C5D55-AD25-4E69-AC26-09457AAB5F1B}.Ad-Hoc|iPhone.Build.0 = Release|Any CPU
		{7B1C5D55-AD25-4E69-AC26-09457AAB5F1B}.Ad-Hoc|iPhone.Deploy.0 = Release|Any CPU
		{7B1C5D55-AD25-4E69-AC26-09457AAB5F1B}.Ad-Hoc|iPhoneSimulator.ActiveCfg = Release|Any CPU
		{7B1C5D55-AD25-4E69-AC26-09457AAB5F1B}.Ad-Hoc|iPhoneSimulator.Build.0 = Release|Any CPU
		{7B1C5D55-AD25-4E69-AC26-09457AAB5F1B}.Ad-Hoc|iPhoneSimulator.Deploy.0 = Release|Any CPU
		{7B1C5D55-AD25-4E69-AC26-09457AAB5F1B}.Ad-Hoc|x64.ActiveCfg = Release|Any CPU
		{7B1C5D55-AD25-4E69-AC26-09457AAB5F1B}.Ad-Hoc|x64.Build.0 = Release|Any CPU
		{7B1C5D55-AD25-4E69-AC26-09457AAB5F1B}.Ad-Hoc|x64.Deploy.0 = Release|Any CPU
		{7B1C5D55-AD25-4E69-AC26-09457AAB5F1B}.Ad-Hoc|x86.ActiveCfg = Release|Any CPU
		{7B1C5D55-AD25-4E69-AC26-09457AAB5F1B}.Ad-Hoc|x86.Build.0 = Release|Any CPU
		{7B1C5D55-AD25-4E69-AC26-09457AAB5F1B}.Ad-Hoc|x86.Deploy.0 = Release|Any CPU
		{7B1C5D55-AD25-4E69-AC26-09457AAB5F1B}.AppStore|Any CPU.ActiveCfg = Release|Any CPU
		{7B1C5D55-AD25-4E69-AC26-09457AAB5F1B}.AppStore|Any CPU.Build.0 = Release|Any CPU
		{7B1C5D55-AD25-4E69-AC26-09457AAB5F1B}.AppStore|Any CPU.Deploy.0 = Release|Any CPU
		{7B1C5D55-AD25-4E69-AC26-09457AAB5F1B}.AppStore|ARM.ActiveCfg = Release|Any CPU
		{7B1C5D55-AD25-4E69-AC26-09457AAB5F1B}.AppStore|ARM.Build.0 = Release|Any CPU
		{7B1C5D55-AD25-4E69-AC26-09457AAB5F1B}.AppStore|ARM.Deploy.0 = Release|Any CPU
		{7B1C5D55-AD25-4E69-AC26-09457AAB5F1B}.AppStore|iPhone.ActiveCfg = Release|Any CPU
		{7B1C5D55-AD25-4E69-AC26-09457AAB5F1B}.AppStore|iPhone.Build.0 = Release|Any CPU
		{7B1C5D55-AD25-4E69-AC26-09457AAB5F1B}.AppStore|iPhone.Deploy.0 = Release|Any CPU
		{7B1C5D55-AD25-4E69-AC26-09457AAB5F1B}.AppStore|iPhoneSimulator.ActiveCfg = Release|Any CPU
		{7B1C5D55-AD25-4E69-AC26-09457AAB5F1B}.AppStore|iPhoneSimulator.Build.0 = Release|Any CPU
		{7B1C5D55-AD25-4E69-AC26-09457AAB5F1B}.AppStore|iPhoneSimulator.Deploy.0 = Release|Any CPU
		{7B1C5D55-AD25-4E69-AC26-09457AAB5F1B}.AppStore|x64.ActiveCfg = Release|Any CPU
		{7B1C5D55-AD25-4E69-AC26-09457AAB5F1B}.AppStore|x64.Build.0 = Release|Any CPU
		{7B1C5D55-AD25-4E69-AC26-09457AAB5F1B}.AppStore|x64.Deploy.0 = Release|Any CPU
		{7B1C5D55-AD25-4E69-AC26-09457AAB5F1B}.AppStore|x86.ActiveCfg = Release|Any CPU
		{7B1C5D55-AD25-4E69-AC26-09457AAB5F1B}.AppStore|x86.Build.0 = Release|Any CPU
		{7B1C5D55-AD25-4E69-AC26-09457AAB5F1B}.AppStore|x86.Deploy.0 = Release|Any CPU
		{7B1C5D55-AD25-4E69-AC26-09457AAB5F1B}.Debug|Any CPU.ActiveCfg = Debug|Any CPU
		{7B1C5D55-AD25-4E69-AC26-09457AAB5F1B}.Debug|Any CPU.Build.0 = Debug|Any CPU
		{7B1C5D55-AD25-4E69-AC26-09457AAB5F1B}.Debug|Any CPU.Deploy.0 = Debug|Any CPU
		{7B1C5D55-AD25-4E69-AC26-09457AAB5F1B}.Debug|ARM.ActiveCfg = Debug|Any CPU
		{7B1C5D55-AD25-4E69-AC26-09457AAB5F1B}.Debug|ARM.Build.0 = Debug|Any CPU
		{7B1C5D55-AD25-4E69-AC26-09457AAB5F1B}.Debug|ARM.Deploy.0 = Debug|Any CPU
		{7B1C5D55-AD25-4E69-AC26-09457AAB5F1B}.Debug|iPhone.ActiveCfg = Debug|Any CPU
		{7B1C5D55-AD25-4E69-AC26-09457AAB5F1B}.Debug|iPhone.Build.0 = Debug|Any CPU
		{7B1C5D55-AD25-4E69-AC26-09457AAB5F1B}.Debug|iPhone.Deploy.0 = Debug|Any CPU
		{7B1C5D55-AD25-4E69-AC26-09457AAB5F1B}.Debug|iPhoneSimulator.ActiveCfg = Debug|Any CPU
		{7B1C5D55-AD25-4E69-AC26-09457AAB5F1B}.Debug|iPhoneSimulator.Build.0 = Debug|Any CPU
		{7B1C5D55-AD25-4E69-AC26-09457AAB5F1B}.Debug|iPhoneSimulator.Deploy.0 = Debug|Any CPU
		{7B1C5D55-AD25-4E69-AC26-09457AAB5F1B}.Debug|x64.ActiveCfg = Debug|Any CPU
		{7B1C5D55-AD25-4E69-AC26-09457AAB5F1B}.Debug|x64.Build.0 = Debug|Any CPU
		{7B1C5D55-AD25-4E69-AC26-09457AAB5F1B}.Debug|x64.Deploy.0 = Debug|Any CPU
		{7B1C5D55-AD25-4E69-AC26-09457AAB5F1B}.Debug|x86.ActiveCfg = Debug|Any CPU
		{7B1C5D55-AD25-4E69-AC26-09457AAB5F1B}.Debug|x86.Build.0 = Debug|Any CPU
		{7B1C5D55-AD25-4E69-AC26-09457AAB5F1B}.Debug|x86.Deploy.0 = Debug|Any CPU
		{7B1C5D55-AD25-4E69-AC26-09457AAB5F1B}.Release|Any CPU.ActiveCfg = Release|Any CPU
		{7B1C5D55-AD25-4E69-AC26-09457AAB5F1B}.Release|Any CPU.Build.0 = Release|Any CPU
		{7B1C5D55-AD25-4E69-AC26-09457AAB5F1B}.Release|Any CPU.Deploy.0 = Release|Any CPU
		{7B1C5D55-AD25-4E69-AC26-09457AAB5F1B}.Release|ARM.ActiveCfg = Release|Any CPU
		{7B1C5D55-AD25-4E69-AC26-09457AAB5F1B}.Release|ARM.Build.0 = Release|Any CPU
		{7B1C5D55-AD25-4E69-AC26-09457AAB5F1B}.Release|ARM.Deploy.0 = Release|Any CPU
		{7B1C5D55-AD25-4E69-AC26-09457AAB5F1B}.Release|iPhone.ActiveCfg = Release|Any CPU
		{7B1C5D55-AD25-4E69-AC26-09457AAB5F1B}.Release|iPhone.Build.0 = Release|Any CPU
		{7B1C5D55-AD25-4E69-AC26-09457AAB5F1B}.Release|iPhone.Deploy.0 = Release|Any CPU
		{7B1C5D55-AD25-4E69-AC26-09457AAB5F1B}.Release|iPhoneSimulator.ActiveCfg = Release|Any CPU
		{7B1C5D55-AD25-4E69-AC26-09457AAB5F1B}.Release|iPhoneSimulator.Build.0 = Release|Any CPU
		{7B1C5D55-AD25-4E69-AC26-09457AAB5F1B}.Release|iPhoneSimulator.Deploy.0 = Release|Any CPU
		{7B1C5D55-AD25-4E69-AC26-09457AAB5F1B}.Release|x64.ActiveCfg = Release|Any CPU
		{7B1C5D55-AD25-4E69-AC26-09457AAB5F1B}.Release|x64.Build.0 = Release|Any CPU
		{7B1C5D55-AD25-4E69-AC26-09457AAB5F1B}.Release|x64.Deploy.0 = Release|Any CPU
		{7B1C5D55-AD25-4E69-AC26-09457AAB5F1B}.Release|x86.ActiveCfg = Release|Any CPU
		{7B1C5D55-AD25-4E69-AC26-09457AAB5F1B}.Release|x86.Build.0 = Release|Any CPU
		{7B1C5D55-AD25-4E69-AC26-09457AAB5F1B}.Release|x86.Deploy.0 = Release|Any CPU
		{D49CF929-111B-4856-A64A-EA5FE1C871C6}.Ad-Hoc|Any CPU.ActiveCfg = Release|Any CPU
		{D49CF929-111B-4856-A64A-EA5FE1C871C6}.Ad-Hoc|Any CPU.Build.0 = Release|Any CPU
		{D49CF929-111B-4856-A64A-EA5FE1C871C6}.Ad-Hoc|ARM.ActiveCfg = Release|Any CPU
		{D49CF929-111B-4856-A64A-EA5FE1C871C6}.Ad-Hoc|ARM.Build.0 = Release|Any CPU
		{D49CF929-111B-4856-A64A-EA5FE1C871C6}.Ad-Hoc|iPhone.ActiveCfg = Release|Any CPU
		{D49CF929-111B-4856-A64A-EA5FE1C871C6}.Ad-Hoc|iPhone.Build.0 = Release|Any CPU
		{D49CF929-111B-4856-A64A-EA5FE1C871C6}.Ad-Hoc|iPhoneSimulator.ActiveCfg = Release|Any CPU
		{D49CF929-111B-4856-A64A-EA5FE1C871C6}.Ad-Hoc|iPhoneSimulator.Build.0 = Release|Any CPU
		{D49CF929-111B-4856-A64A-EA5FE1C871C6}.Ad-Hoc|x64.ActiveCfg = Release|Any CPU
		{D49CF929-111B-4856-A64A-EA5FE1C871C6}.Ad-Hoc|x64.Build.0 = Release|Any CPU
		{D49CF929-111B-4856-A64A-EA5FE1C871C6}.Ad-Hoc|x86.ActiveCfg = Release|Any CPU
		{D49CF929-111B-4856-A64A-EA5FE1C871C6}.Ad-Hoc|x86.Build.0 = Release|Any CPU
		{D49CF929-111B-4856-A64A-EA5FE1C871C6}.AppStore|Any CPU.ActiveCfg = Release|Any CPU
		{D49CF929-111B-4856-A64A-EA5FE1C871C6}.AppStore|Any CPU.Build.0 = Release|Any CPU
		{D49CF929-111B-4856-A64A-EA5FE1C871C6}.AppStore|ARM.ActiveCfg = Release|Any CPU
		{D49CF929-111B-4856-A64A-EA5FE1C871C6}.AppStore|ARM.Build.0 = Release|Any CPU
		{D49CF929-111B-4856-A64A-EA5FE1C871C6}.AppStore|iPhone.ActiveCfg = Release|Any CPU
		{D49CF929-111B-4856-A64A-EA5FE1C871C6}.AppStore|iPhone.Build.0 = Release|Any CPU
		{D49CF929-111B-4856-A64A-EA5FE1C871C6}.AppStore|iPhoneSimulator.ActiveCfg = Release|Any CPU
		{D49CF929-111B-4856-A64A-EA5FE1C871C6}.AppStore|iPhoneSimulator.Build.0 = Release|Any CPU
		{D49CF929-111B-4856-A64A-EA5FE1C871C6}.AppStore|x64.ActiveCfg = Release|Any CPU
		{D49CF929-111B-4856-A64A-EA5FE1C871C6}.AppStore|x64.Build.0 = Release|Any CPU
		{D49CF929-111B-4856-A64A-EA5FE1C871C6}.AppStore|x86.ActiveCfg = Release|Any CPU
		{D49CF929-111B-4856-A64A-EA5FE1C871C6}.AppStore|x86.Build.0 = Release|Any CPU
		{D49CF929-111B-4856-A64A-EA5FE1C871C6}.Debug|Any CPU.ActiveCfg = Debug|Any CPU
		{D49CF929-111B-4856-A64A-EA5FE1C871C6}.Debug|Any CPU.Build.0 = Debug|Any CPU
		{D49CF929-111B-4856-A64A-EA5FE1C871C6}.Debug|ARM.ActiveCfg = Debug|Any CPU
		{D49CF929-111B-4856-A64A-EA5FE1C871C6}.Debug|ARM.Build.0 = Debug|Any CPU
		{D49CF929-111B-4856-A64A-EA5FE1C871C6}.Debug|iPhone.ActiveCfg = Debug|Any CPU
		{D49CF929-111B-4856-A64A-EA5FE1C871C6}.Debug|iPhone.Build.0 = Debug|Any CPU
		{D49CF929-111B-4856-A64A-EA5FE1C871C6}.Debug|iPhoneSimulator.ActiveCfg = Debug|Any CPU
		{D49CF929-111B-4856-A64A-EA5FE1C871C6}.Debug|iPhoneSimulator.Build.0 = Debug|Any CPU
		{D49CF929-111B-4856-A64A-EA5FE1C871C6}.Debug|x64.ActiveCfg = Debug|Any CPU
		{D49CF929-111B-4856-A64A-EA5FE1C871C6}.Debug|x64.Build.0 = Debug|Any CPU
		{D49CF929-111B-4856-A64A-EA5FE1C871C6}.Debug|x86.ActiveCfg = Debug|Any CPU
		{D49CF929-111B-4856-A64A-EA5FE1C871C6}.Debug|x86.Build.0 = Debug|Any CPU
		{D49CF929-111B-4856-A64A-EA5FE1C871C6}.Release|Any CPU.ActiveCfg = Release|Any CPU
		{D49CF929-111B-4856-A64A-EA5FE1C871C6}.Release|Any CPU.Build.0 = Release|Any CPU
		{D49CF929-111B-4856-A64A-EA5FE1C871C6}.Release|ARM.ActiveCfg = Release|Any CPU
		{D49CF929-111B-4856-A64A-EA5FE1C871C6}.Release|ARM.Build.0 = Release|Any CPU
		{D49CF929-111B-4856-A64A-EA5FE1C871C6}.Release|iPhone.ActiveCfg = Release|Any CPU
		{D49CF929-111B-4856-A64A-EA5FE1C871C6}.Release|iPhone.Build.0 = Release|Any CPU
		{D49CF929-111B-4856-A64A-EA5FE1C871C6}.Release|iPhoneSimulator.ActiveCfg = Release|Any CPU
		{D49CF929-111B-4856-A64A-EA5FE1C871C6}.Release|iPhoneSimulator.Build.0 = Release|Any CPU
		{D49CF929-111B-4856-A64A-EA5FE1C871C6}.Release|x64.ActiveCfg = Release|Any CPU
		{D49CF929-111B-4856-A64A-EA5FE1C871C6}.Release|x64.Build.0 = Release|Any CPU
		{D49CF929-111B-4856-A64A-EA5FE1C871C6}.Release|x86.ActiveCfg = Release|Any CPU
		{D49CF929-111B-4856-A64A-EA5FE1C871C6}.Release|x86.Build.0 = Release|Any CPU
		{D87365BD-EE86-4727-A2FC-3A50EEC9E236}.Ad-Hoc|Any CPU.ActiveCfg = Release|x86
		{D87365BD-EE86-4727-A2FC-3A50EEC9E236}.Ad-Hoc|ARM.ActiveCfg = Release|ARM
		{D87365BD-EE86-4727-A2FC-3A50EEC9E236}.Ad-Hoc|ARM.Build.0 = Release|ARM
		{D87365BD-EE86-4727-A2FC-3A50EEC9E236}.Ad-Hoc|ARM.Deploy.0 = Release|ARM
		{D87365BD-EE86-4727-A2FC-3A50EEC9E236}.Ad-Hoc|iPhone.ActiveCfg = Release|x86
		{D87365BD-EE86-4727-A2FC-3A50EEC9E236}.Ad-Hoc|iPhoneSimulator.ActiveCfg = Release|x86
		{D87365BD-EE86-4727-A2FC-3A50EEC9E236}.Ad-Hoc|x64.ActiveCfg = Release|x64
		{D87365BD-EE86-4727-A2FC-3A50EEC9E236}.Ad-Hoc|x64.Build.0 = Release|x64
		{D87365BD-EE86-4727-A2FC-3A50EEC9E236}.Ad-Hoc|x64.Deploy.0 = Release|x64
		{D87365BD-EE86-4727-A2FC-3A50EEC9E236}.Ad-Hoc|x86.ActiveCfg = Release|x86
		{D87365BD-EE86-4727-A2FC-3A50EEC9E236}.Ad-Hoc|x86.Build.0 = Release|x86
		{D87365BD-EE86-4727-A2FC-3A50EEC9E236}.Ad-Hoc|x86.Deploy.0 = Release|x86
		{D87365BD-EE86-4727-A2FC-3A50EEC9E236}.AppStore|Any CPU.ActiveCfg = Release|x86
		{D87365BD-EE86-4727-A2FC-3A50EEC9E236}.AppStore|ARM.ActiveCfg = Release|ARM
		{D87365BD-EE86-4727-A2FC-3A50EEC9E236}.AppStore|ARM.Build.0 = Release|ARM
		{D87365BD-EE86-4727-A2FC-3A50EEC9E236}.AppStore|ARM.Deploy.0 = Release|ARM
		{D87365BD-EE86-4727-A2FC-3A50EEC9E236}.AppStore|iPhone.ActiveCfg = Release|x86
		{D87365BD-EE86-4727-A2FC-3A50EEC9E236}.AppStore|iPhoneSimulator.ActiveCfg = Release|x86
		{D87365BD-EE86-4727-A2FC-3A50EEC9E236}.AppStore|x64.ActiveCfg = Release|x64
		{D87365BD-EE86-4727-A2FC-3A50EEC9E236}.AppStore|x64.Build.0 = Release|x64
		{D87365BD-EE86-4727-A2FC-3A50EEC9E236}.AppStore|x64.Deploy.0 = Release|x64
		{D87365BD-EE86-4727-A2FC-3A50EEC9E236}.AppStore|x86.ActiveCfg = Release|x86
		{D87365BD-EE86-4727-A2FC-3A50EEC9E236}.AppStore|x86.Build.0 = Release|x86
		{D87365BD-EE86-4727-A2FC-3A50EEC9E236}.AppStore|x86.Deploy.0 = Release|x86
		{D87365BD-EE86-4727-A2FC-3A50EEC9E236}.Debug|Any CPU.ActiveCfg = Debug|x86
		{D87365BD-EE86-4727-A2FC-3A50EEC9E236}.Debug|ARM.ActiveCfg = Debug|ARM
		{D87365BD-EE86-4727-A2FC-3A50EEC9E236}.Debug|ARM.Build.0 = Debug|ARM
		{D87365BD-EE86-4727-A2FC-3A50EEC9E236}.Debug|ARM.Deploy.0 = Debug|ARM
		{D87365BD-EE86-4727-A2FC-3A50EEC9E236}.Debug|iPhone.ActiveCfg = Debug|x86
		{D87365BD-EE86-4727-A2FC-3A50EEC9E236}.Debug|iPhoneSimulator.ActiveCfg = Debug|x86
		{D87365BD-EE86-4727-A2FC-3A50EEC9E236}.Debug|x64.ActiveCfg = Debug|x64
		{D87365BD-EE86-4727-A2FC-3A50EEC9E236}.Debug|x64.Build.0 = Debug|x64
		{D87365BD-EE86-4727-A2FC-3A50EEC9E236}.Debug|x64.Deploy.0 = Debug|x64
		{D87365BD-EE86-4727-A2FC-3A50EEC9E236}.Debug|x86.ActiveCfg = Debug|x86
		{D87365BD-EE86-4727-A2FC-3A50EEC9E236}.Debug|x86.Build.0 = Debug|x86
		{D87365BD-EE86-4727-A2FC-3A50EEC9E236}.Debug|x86.Deploy.0 = Debug|x86
		{D87365BD-EE86-4727-A2FC-3A50EEC9E236}.Release|Any CPU.ActiveCfg = Release|x86
		{D87365BD-EE86-4727-A2FC-3A50EEC9E236}.Release|ARM.ActiveCfg = Release|ARM
		{D87365BD-EE86-4727-A2FC-3A50EEC9E236}.Release|ARM.Build.0 = Release|ARM
		{D87365BD-EE86-4727-A2FC-3A50EEC9E236}.Release|ARM.Deploy.0 = Release|ARM
		{D87365BD-EE86-4727-A2FC-3A50EEC9E236}.Release|iPhone.ActiveCfg = Release|x86
		{D87365BD-EE86-4727-A2FC-3A50EEC9E236}.Release|iPhoneSimulator.ActiveCfg = Release|x86
		{D87365BD-EE86-4727-A2FC-3A50EEC9E236}.Release|x64.ActiveCfg = Release|x64
		{D87365BD-EE86-4727-A2FC-3A50EEC9E236}.Release|x64.Build.0 = Release|x64
		{D87365BD-EE86-4727-A2FC-3A50EEC9E236}.Release|x64.Deploy.0 = Release|x64
		{D87365BD-EE86-4727-A2FC-3A50EEC9E236}.Release|x86.ActiveCfg = Release|x86
		{D87365BD-EE86-4727-A2FC-3A50EEC9E236}.Release|x86.Build.0 = Release|x86
		{D87365BD-EE86-4727-A2FC-3A50EEC9E236}.Release|x86.Deploy.0 = Release|x86
		{9EFC50F4-70B1-47D3-B5AF-CCEDC659A7A9}.Ad-Hoc|Any CPU.ActiveCfg = Ad-Hoc|iPhone
		{9EFC50F4-70B1-47D3-B5AF-CCEDC659A7A9}.Ad-Hoc|ARM.ActiveCfg = Ad-Hoc|iPhone
		{9EFC50F4-70B1-47D3-B5AF-CCEDC659A7A9}.Ad-Hoc|iPhone.ActiveCfg = Ad-Hoc|iPhone
		{9EFC50F4-70B1-47D3-B5AF-CCEDC659A7A9}.Ad-Hoc|iPhone.Build.0 = Ad-Hoc|iPhone
		{9EFC50F4-70B1-47D3-B5AF-CCEDC659A7A9}.Ad-Hoc|iPhoneSimulator.ActiveCfg = Ad-Hoc|iPhoneSimulator
		{9EFC50F4-70B1-47D3-B5AF-CCEDC659A7A9}.Ad-Hoc|iPhoneSimulator.Build.0 = Ad-Hoc|iPhoneSimulator
		{9EFC50F4-70B1-47D3-B5AF-CCEDC659A7A9}.Ad-Hoc|x64.ActiveCfg = Ad-Hoc|iPhone
		{9EFC50F4-70B1-47D3-B5AF-CCEDC659A7A9}.Ad-Hoc|x86.ActiveCfg = Ad-Hoc|iPhone
		{9EFC50F4-70B1-47D3-B5AF-CCEDC659A7A9}.AppStore|Any CPU.ActiveCfg = AppStore|iPhone
		{9EFC50F4-70B1-47D3-B5AF-CCEDC659A7A9}.AppStore|ARM.ActiveCfg = AppStore|iPhone
		{9EFC50F4-70B1-47D3-B5AF-CCEDC659A7A9}.AppStore|iPhone.ActiveCfg = AppStore|iPhone
		{9EFC50F4-70B1-47D3-B5AF-CCEDC659A7A9}.AppStore|iPhone.Build.0 = AppStore|iPhone
		{9EFC50F4-70B1-47D3-B5AF-CCEDC659A7A9}.AppStore|iPhoneSimulator.ActiveCfg = AppStore|iPhoneSimulator
		{9EFC50F4-70B1-47D3-B5AF-CCEDC659A7A9}.AppStore|iPhoneSimulator.Build.0 = AppStore|iPhoneSimulator
		{9EFC50F4-70B1-47D3-B5AF-CCEDC659A7A9}.AppStore|x64.ActiveCfg = AppStore|iPhone
		{9EFC50F4-70B1-47D3-B5AF-CCEDC659A7A9}.AppStore|x86.ActiveCfg = AppStore|iPhone
		{9EFC50F4-70B1-47D3-B5AF-CCEDC659A7A9}.Debug|Any CPU.ActiveCfg = Debug|iPhone
		{9EFC50F4-70B1-47D3-B5AF-CCEDC659A7A9}.Debug|ARM.ActiveCfg = Debug|iPhone
		{9EFC50F4-70B1-47D3-B5AF-CCEDC659A7A9}.Debug|iPhone.ActiveCfg = Debug|iPhone
		{9EFC50F4-70B1-47D3-B5AF-CCEDC659A7A9}.Debug|iPhone.Build.0 = Debug|iPhone
		{9EFC50F4-70B1-47D3-B5AF-CCEDC659A7A9}.Debug|iPhoneSimulator.ActiveCfg = Debug|iPhoneSimulator
		{9EFC50F4-70B1-47D3-B5AF-CCEDC659A7A9}.Debug|iPhoneSimulator.Build.0 = Debug|iPhoneSimulator
		{9EFC50F4-70B1-47D3-B5AF-CCEDC659A7A9}.Debug|x64.ActiveCfg = Debug|iPhone
		{9EFC50F4-70B1-47D3-B5AF-CCEDC659A7A9}.Debug|x86.ActiveCfg = Debug|iPhone
		{9EFC50F4-70B1-47D3-B5AF-CCEDC659A7A9}.Release|Any CPU.ActiveCfg = Release|iPhone
		{9EFC50F4-70B1-47D3-B5AF-CCEDC659A7A9}.Release|ARM.ActiveCfg = Release|iPhone
		{9EFC50F4-70B1-47D3-B5AF-CCEDC659A7A9}.Release|iPhone.ActiveCfg = Release|iPhone
		{9EFC50F4-70B1-47D3-B5AF-CCEDC659A7A9}.Release|iPhone.Build.0 = Release|iPhone
		{9EFC50F4-70B1-47D3-B5AF-CCEDC659A7A9}.Release|iPhoneSimulator.ActiveCfg = Release|iPhoneSimulator
		{9EFC50F4-70B1-47D3-B5AF-CCEDC659A7A9}.Release|iPhoneSimulator.Build.0 = Release|iPhoneSimulator
		{9EFC50F4-70B1-47D3-B5AF-CCEDC659A7A9}.Release|x64.ActiveCfg = Release|iPhone
		{9EFC50F4-70B1-47D3-B5AF-CCEDC659A7A9}.Release|x86.ActiveCfg = Release|iPhone
	EndGlobalSection
	GlobalSection(SolutionProperties) = preSolution
		HideSolutionNode = FALSE
	EndGlobalSection
	GlobalSection(ExtensibilityGlobals) = postSolution
		SolutionGuid = {2202D565-92D0-4E66-B4A5-DAE89522066F}
	EndGlobalSection
EndGlobal
